
Microsoft Visual Studio Solution File, Format Version 12.00
# Visual Studio Version 16
VisualStudioVersion = 16.0.29324.140
MinimumVisualStudioVersion = 10.0.40219.1
Project("{FAE04EC0-301F-11D3-BF4B-00C04F79EFBC}") = "DojoTemplateConsoleApp", "DojoTemplateConsoleApp\DojoTemplateConsoleApp.csproj", "{834B5695-4F62-41A9-A670-727C48558E16}"
EndProject
Project("{FAE04EC0-301F-11D3-BF4B-00C04F79EFBC}") = "DojoTemplateTestProject", "DojoTemplateTestProject\DojoTemplateTestProject\DojoTemplateTestProject.csproj", "{85719C9E-6A6E-4AB3-8F3B-CEB517AC307E}"
EndProject
Global
	GlobalSection(SolutionConfigurationPlatforms) = preSolution
		Debug|Any CPU = Debug|Any CPU
		Release|Any CPU = Release|Any CPU
	EndGlobalSection
	GlobalSection(ProjectConfigurationPlatforms) = postSolution
		{834B5695-4F62-41A9-A670-727C48558E16}.Debug|Any CPU.ActiveCfg = Debug|Any CPU
		{834B5695-4F62-41A9-A670-727C48558E16}.Debug|Any CPU.Build.0 = Debug|Any CPU
		{834B5695-4F62-41A9-A670-727C48558E16}.Release|Any CPU.ActiveCfg = Release|Any CPU
		{834B5695-4F62-41A9-A670-727C48558E16}.Release|Any CPU.Build.0 = Release|Any CPU
		{85719C9E-6A6E-4AB3-8F3B-CEB517AC307E}.Debug|Any CPU.ActiveCfg = Debug|Any CPU
		{85719C9E-6A6E-4AB3-8F3B-CEB517AC307E}.Debug|Any CPU.Build.0 = Debug|Any CPU
		{85719C9E-6A6E-4AB3-8F3B-CEB517AC307E}.Release|Any CPU.ActiveCfg = Release|Any CPU
		{85719C9E-6A6E-4AB3-8F3B-CEB517AC307E}.Release|Any CPU.Build.0 = Release|Any CPU
	EndGlobalSection
	GlobalSection(SolutionProperties) = preSolution
		HideSolutionNode = FALSE
	EndGlobalSection
	GlobalSection(ExtensibilityGlobals) = postSolution
		SolutionGuid = {94047D7B-B44A-4439-BC20-DC8ECCE94EB7}
	EndGlobalSection
EndGlobal
